
Microsoft Visual Studio Solution File, Format Version 12.00
# Visual Studio 15
VisualStudioVersion = 15.0.28307.329
MinimumVisualStudioVersion = 10.0.40219.1
Project("{FAE04EC0-301F-11D3-BF4B-00C04F79EFBC}") = "ConsoleApp7", "ConsoleApp7\ConsoleApp7.csproj", "{725BE9BE-A9BC-4287-8899-90CF0502959D}"
EndProject
Global
	GlobalSection(SolutionConfigurationPlatforms) = preSolution
		Debug|Any CPU = Debug|Any CPU
		Release|Any CPU = Release|Any CPU
	EndGlobalSection
	GlobalSection(ProjectConfigurationPlatforms) = postSolution
		{725BE9BE-A9BC-4287-8899-90CF0502959D}.Debug|Any CPU.ActiveCfg = Debug|Any CPU
		{725BE9BE-A9BC-4287-8899-90CF0502959D}.Debug|Any CPU.Build.0 = Debug|Any CPU
		{725BE9BE-A9BC-4287-8899-90CF0502959D}.Release|Any CPU.ActiveCfg = Release|Any CPU
		{725BE9BE-A9BC-4287-8899-90CF0502959D}.Release|Any CPU.Build.0 = Release|Any CPU
	EndGlobalSection
	GlobalSection(SolutionProperties) = preSolution
		HideSolutionNode = FALSE
	EndGlobalSection
	GlobalSection(ExtensibilityGlobals) = postSolution
		SolutionGuid = {9A4B5801-C05F-4570-B42A-64AB47372B82}
	EndGlobalSection
EndGlobal
