
Microsoft Visual Studio Solution File, Format Version 12.00
# Visual Studio 15
VisualStudioVersion = 15.0.28307.329
MinimumVisualStudioVersion = 10.0.40219.1
Project("{FAE04EC0-301F-11D3-BF4B-00C04F79EFBC}") = "task1", "task1\task1.csproj", "{993F3E0F-BC77-46B7-9C36-1BF3BB471888}"
EndProject
Global
	GlobalSection(SolutionConfigurationPlatforms) = preSolution
		Debug|Any CPU = Debug|Any CPU
		Release|Any CPU = Release|Any CPU
	EndGlobalSection
	GlobalSection(ProjectConfigurationPlatforms) = postSolution
		{993F3E0F-BC77-46B7-9C36-1BF3BB471888}.Debug|Any CPU.ActiveCfg = Debug|Any CPU
		{993F3E0F-BC77-46B7-9C36-1BF3BB471888}.Debug|Any CPU.Build.0 = Debug|Any CPU
		{993F3E0F-BC77-46B7-9C36-1BF3BB471888}.Release|Any CPU.ActiveCfg = Release|Any CPU
		{993F3E0F-BC77-46B7-9C36-1BF3BB471888}.Release|Any CPU.Build.0 = Release|Any CPU
	EndGlobalSection
	GlobalSection(SolutionProperties) = preSolution
		HideSolutionNode = FALSE
	EndGlobalSection
	GlobalSection(ExtensibilityGlobals) = postSolution
		SolutionGuid = {2EF95374-4368-4416-8A3F-7E1A12E795E0}
	EndGlobalSection
EndGlobal
