
Microsoft Visual Studio Solution File, Format Version 12.00
# Visual Studio 15
VisualStudioVersion = 15.0.28307.329
MinimumVisualStudioVersion = 10.0.40219.1
Project("{FAE04EC0-301F-11D3-BF4B-00C04F79EFBC}") = "FarManager", "FarManager\FarManager.csproj", "{20FC0B30-7C32-41D3-AE9A-23D78E140708}"
EndProject
Global
	GlobalSection(SolutionConfigurationPlatforms) = preSolution
		Debug|Any CPU = Debug|Any CPU
		Release|Any CPU = Release|Any CPU
	EndGlobalSection
	GlobalSection(ProjectConfigurationPlatforms) = postSolution
		{20FC0B30-7C32-41D3-AE9A-23D78E140708}.Debug|Any CPU.ActiveCfg = Debug|Any CPU
		{20FC0B30-7C32-41D3-AE9A-23D78E140708}.Debug|Any CPU.Build.0 = Debug|Any CPU
		{20FC0B30-7C32-41D3-AE9A-23D78E140708}.Release|Any CPU.ActiveCfg = Release|Any CPU
		{20FC0B30-7C32-41D3-AE9A-23D78E140708}.Release|Any CPU.Build.0 = Release|Any CPU
	EndGlobalSection
	GlobalSection(SolutionProperties) = preSolution
		HideSolutionNode = FALSE
	EndGlobalSection
	GlobalSection(ExtensibilityGlobals) = postSolution
		SolutionGuid = {0C6A8DBC-B83E-43DC-A079-889CBB84FED5}
	EndGlobalSection
EndGlobal
