
Microsoft Visual Studio Solution File, Format Version 12.00
# Visual Studio 15
VisualStudioVersion = 15.0.28307.329
MinimumVisualStudioVersion = 10.0.40219.1
Project("{FAE04EC0-301F-11D3-BF4B-00C04F79EFBC}") = "task 4", "task 4\task 4.csproj", "{F22E589E-20CB-4CAD-B60A-3110ABFAD786}"
EndProject
Global
	GlobalSection(SolutionConfigurationPlatforms) = preSolution
		Debug|Any CPU = Debug|Any CPU
		Release|Any CPU = Release|Any CPU
	EndGlobalSection
	GlobalSection(ProjectConfigurationPlatforms) = postSolution
		{F22E589E-20CB-4CAD-B60A-3110ABFAD786}.Debug|Any CPU.ActiveCfg = Debug|Any CPU
		{F22E589E-20CB-4CAD-B60A-3110ABFAD786}.Debug|Any CPU.Build.0 = Debug|Any CPU
		{F22E589E-20CB-4CAD-B60A-3110ABFAD786}.Release|Any CPU.ActiveCfg = Release|Any CPU
		{F22E589E-20CB-4CAD-B60A-3110ABFAD786}.Release|Any CPU.Build.0 = Release|Any CPU
	EndGlobalSection
	GlobalSection(SolutionProperties) = preSolution
		HideSolutionNode = FALSE
	EndGlobalSection
	GlobalSection(ExtensibilityGlobals) = postSolution
		SolutionGuid = {BA95BE89-D575-4F2E-B134-45C5AE64B918}
	EndGlobalSection
EndGlobal
