
Microsoft Visual Studio Solution File, Format Version 12.00
# Visual Studio 15
VisualStudioVersion = 15.0.28307.329
MinimumVisualStudioVersion = 10.0.40219.1
Project("{FAE04EC0-301F-11D3-BF4B-00C04F79EFBC}") = "task 3", "task 3\task 3.csproj", "{21A2FA8B-C056-4BA3-83CD-2CB060E1F2EE}"
EndProject
Global
	GlobalSection(SolutionConfigurationPlatforms) = preSolution
		Debug|Any CPU = Debug|Any CPU
		Release|Any CPU = Release|Any CPU
	EndGlobalSection
	GlobalSection(ProjectConfigurationPlatforms) = postSolution
		{21A2FA8B-C056-4BA3-83CD-2CB060E1F2EE}.Debug|Any CPU.ActiveCfg = Debug|Any CPU
		{21A2FA8B-C056-4BA3-83CD-2CB060E1F2EE}.Debug|Any CPU.Build.0 = Debug|Any CPU
		{21A2FA8B-C056-4BA3-83CD-2CB060E1F2EE}.Release|Any CPU.ActiveCfg = Release|Any CPU
		{21A2FA8B-C056-4BA3-83CD-2CB060E1F2EE}.Release|Any CPU.Build.0 = Release|Any CPU
	EndGlobalSection
	GlobalSection(SolutionProperties) = preSolution
		HideSolutionNode = FALSE
	EndGlobalSection
	GlobalSection(ExtensibilityGlobals) = postSolution
		SolutionGuid = {9CFE7FCB-2F29-4439-A9B0-4ED142183306}
	EndGlobalSection
EndGlobal
